{
  "version": 4,
  "terraform_version": "1.6.0",
  "serial": 6,
  "lineage": "5d2c4c19-e630-2e43-8055-aeaf35d063a7",
  "outputs": {
    "account_id": {
      "value": "925774240130",
      "type": "string"
    },
    "caller_arn": {
      "value": "arn:aws:sts::925774240130:assumed-role/AWSReservedSSO_admin-v20250516_2ad36fe030b175bc/a805120",
      "type": "string"
    }
  },
  "resources": [
    {
      "mode": "data",
      "type": "aws_caller_identity",
      "name": "current",
      "provider": "provider[\"registry.terraform.io/hashicorp/aws\"]",
      "instances": [
        {
          "schema_version": 0,
          "attributes": {
            "account_id": "925774240130",
            "arn": "arn:aws:sts::925774240130:assumed-role/AWSReservedSSO_admin-v20250516_2ad36fe030b175bc/a805120",
            "id": "925774240130",
            "user_id": "AROA5PDDR3GBNQMHCUM5C:a805120"
          },
          "sensitive_attributes": []
        }
      ]
    },
    {
      "mode": "managed",
      "type": "aws_s3_bucket",
      "name": "example",
      "provider": "provider[\"registry.terraform.io/hashicorp/aws\"]",
      "instances": [
        {
          "schema_version": 0,
          "attributes": {
            "acceleration_status": "",
            "acl": null,
            "arn": "arn:aws:s3:::cast-software-dev-example-3fc36791",
            "bucket": "cast-software-dev-example-3fc36791",
            "bucket_domain_name": "cast-software-dev-example-3fc36791.s3.amazonaws.com",
            "bucket_prefix": "",
            "bucket_regional_domain_name": "cast-software-dev-example-3fc36791.s3.us-east-2.amazonaws.com",
            "cors_rule": [],
            "force_destroy": false,
            "grant": [
              {
                "id": "893f2b1a5e09fcc52995bef78de1334c31d45a69e26e67bbfb40c10947280854",
                "permissions": [
                  "FULL_CONTROL"
                ],
                "type": "CanonicalUser",
                "uri": ""
              }
            ],
            "hosted_zone_id": "Z2O1EMRO9K5GLX",
            "id": "cast-software-dev-example-3fc36791",
            "lifecycle_rule": [],
            "logging": [],
            "object_lock_configuration": [],
            "object_lock_enabled": false,
            "policy": "",
            "region": "us-east-2",
            "replication_configuration": [],
            "request_payer": "BucketOwner",
            "server_side_encryption_configuration": [
              {
                "rule": [
                  {
                    "apply_server_side_encryption_by_default": [
                      {
                        "kms_master_key_id": "",
                        "sse_algorithm": "AES256"
                      }
                    ],
                    "bucket_key_enabled": false
                  }
                ]
              }
            ],
            "tags": {},
            "tags_all": {},
            "timeouts": null,
            "versioning": [
              {
                "enabled": false,
                "mfa_delete": false
              }
            ],
            "website": [],
            "website_domain": null,
            "website_endpoint": null
          },
          "sensitive_attributes": [],
          "private": "eyJlMmJmYjczMC1lY2FhLTExZTYtOGY4OC0zNDM2M2JjN2M0YzAiOnsiY3JlYXRlIjoxMjAwMDAwMDAwMDAwLCJkZWxldGUiOjM2MDAwMDAwMDAwMDAsInJlYWQiOjEyMDAwMDAwMDAwMDAsInVwZGF0ZSI6MTIwMDAwMDAwMDAwMH19",
          "dependencies": [
            "random_id.bucket_suffix"
          ]
        }
      ]
    },
    {
      "mode": "managed",
      "type": "random_id",
      "name": "bucket_suffix",
      "provider": "provider[\"registry.terraform.io/hashicorp/random\"]",
      "instances": [
        {
          "schema_version": 0,
          "attributes": {
            "b64_std": "P8NnkQ==",
            "b64_url": "P8NnkQ",
            "byte_length": 4,
            "dec": "1069770641",
            "hex": "3fc36791",
            "id": "P8NnkQ",
            "keepers": null,
            "prefix": null
          },
          "sensitive_attributes": []
        }
      ]
    }
  ],
  "check_results": null
}
